
Microsoft Visual Studio Solution File, Format Version 12.00
# Visual Studio Version 17
VisualStudioVersion = 17.11.35312.102
MinimumVisualStudioVersion = 10.0.40219.1
Project("{FAE04EC0-301F-11D3-BF4B-00C04F79EFBC}") = "mosler", "mosler\mosler.csproj", "{7AD24E6F-837B-4EE7-8391-AD20604ECFBD}"
EndProject
Global
	GlobalSection(SolutionConfigurationPlatforms) = preSolution
		Debug|Any CPU = Debug|Any CPU
		Release|Any CPU = Release|Any CPU
	EndGlobalSection
	GlobalSection(ProjectConfigurationPlatforms) = postSolution
		{7AD24E6F-837B-4EE7-8391-AD20604ECFBD}.Debug|Any CPU.ActiveCfg = Debug|Any CPU
		{7AD24E6F-837B-4EE7-8391-AD20604ECFBD}.Debug|Any CPU.Build.0 = Debug|Any CPU
		{7AD24E6F-837B-4EE7-8391-AD20604ECFBD}.Release|Any CPU.ActiveCfg = Release|Any CPU
		{7AD24E6F-837B-4EE7-8391-AD20604ECFBD}.Release|Any CPU.Build.0 = Release|Any CPU
	EndGlobalSection
	GlobalSection(SolutionProperties) = preSolution
		HideSolutionNode = FALSE
	EndGlobalSection
	GlobalSection(ExtensibilityGlobals) = postSolution
		SolutionGuid = {6CB38EA0-B714-4755-AA60-BC447CC024F3}
	EndGlobalSection
EndGlobal
