
Microsoft Visual Studio Solution File, Format Version 12.00
# Visual Studio Version 17
VisualStudioVersion = 17.11.35312.102
MinimumVisualStudioVersion = 10.0.40219.1
Project("{FAE04EC0-301F-11D3-BF4B-00C04F79EFBC}") = "DateTime", "DateTime\DateTime.csproj", "{048EE332-EFD8-4DCE-8497-E8662C28E41D}"
EndProject
Global
	GlobalSection(SolutionConfigurationPlatforms) = preSolution
		Debug|Any CPU = Debug|Any CPU
		Release|Any CPU = Release|Any CPU
	EndGlobalSection
	GlobalSection(ProjectConfigurationPlatforms) = postSolution
		{048EE332-EFD8-4DCE-8497-E8662C28E41D}.Debug|Any CPU.ActiveCfg = Debug|Any CPU
		{048EE332-EFD8-4DCE-8497-E8662C28E41D}.Debug|Any CPU.Build.0 = Debug|Any CPU
		{048EE332-EFD8-4DCE-8497-E8662C28E41D}.Release|Any CPU.ActiveCfg = Release|Any CPU
		{048EE332-EFD8-4DCE-8497-E8662C28E41D}.Release|Any CPU.Build.0 = Release|Any CPU
	EndGlobalSection
	GlobalSection(SolutionProperties) = preSolution
		HideSolutionNode = FALSE
	EndGlobalSection
	GlobalSection(ExtensibilityGlobals) = postSolution
		SolutionGuid = {7311B6C3-D100-4BE7-96FB-1FE076880D18}
	EndGlobalSection
EndGlobal
